
Microsoft Visual Studio Solution File, Format Version 12.00
# Visual Studio Version 17
VisualStudioVersion = 17.12.35527.113 d17.12
MinimumVisualStudioVersion = 10.0.40219.1
Project("{2150E333-8FDC-42A3-9474-1A3956D46DE8}") = "src", "src", "{09B43A9E-C842-4B16-B157-9AD180044EA5}"
EndProject
Project("{2150E333-8FDC-42A3-9474-1A3956D46DE8}") = "API", "API", "{B63533EF-B938-4C2D-99E9-FAC783D42165}"
EndProject
Project("{FAE04EC0-301F-11D3-BF4B-00C04F79EFBC}") = "MyApp.API", "src\API\MyApp.API\MyApp.API.csproj", "{26390227-EC8B-4E64-9B0F-D2E44495C420}"
EndProject
Global
	GlobalSection(SolutionConfigurationPlatforms) = preSolution
		Debug|Any CPU = Debug|Any CPU
		Release|Any CPU = Release|Any CPU
	EndGlobalSection
	GlobalSection(ProjectConfigurationPlatforms) = postSolution
		{26390227-EC8B-4E64-9B0F-D2E44495C420}.Debug|Any CPU.ActiveCfg = Debug|Any CPU
		{26390227-EC8B-4E64-9B0F-D2E44495C420}.Debug|Any CPU.Build.0 = Debug|Any CPU
		{26390227-EC8B-4E64-9B0F-D2E44495C420}.Release|Any CPU.ActiveCfg = Release|Any CPU
		{26390227-EC8B-4E64-9B0F-D2E44495C420}.Release|Any CPU.Build.0 = Release|Any CPU
	EndGlobalSection
	GlobalSection(SolutionProperties) = preSolution
		HideSolutionNode = FALSE
	EndGlobalSection
	GlobalSection(NestedProjects) = preSolution
		{B63533EF-B938-4C2D-99E9-FAC783D42165} = {09B43A9E-C842-4B16-B157-9AD180044EA5}
		{26390227-EC8B-4E64-9B0F-D2E44495C420} = {B63533EF-B938-4C2D-99E9-FAC783D42165}
	EndGlobalSection
EndGlobal
